// !$*UTF8*$!
{
	archiveVersion = 1;
	classes = {
	};
	objectVersion = 50;
	objects = {

/* Begin PBXBuildFile section */
		F232FC6422F0718E00B75149 /* HealthKit.framework in Frameworks */ = {isa = PBXBuildFile; fileRef = F232FC6322F0718E00B75149 /* HealthKit.framework */; };
		F2E6C33E22D8425100B64FDA /* AppDelegate.swift in Sources */ = {isa = PBXBuildFile; fileRef = F2E6C33D22D8425100B64FDA /* AppDelegate.swift */; };
		F2E6C34022D8425100B64FDA /* ViewController.swift in Sources */ = {isa = PBXBuildFile; fileRef = F2E6C33F22D8425100B64FDA /* ViewController.swift */; };
		F2E6C34322D8425100B64FDA /* Main.storyboard in Resources */ = {isa = PBXBuildFile; fileRef = F2E6C34122D8425100B64FDA /* Main.storyboard */; };
		F2E6C34622D8425100B64FDA /* CellExpandCollapseDemo.xcdatamodeld in Sources */ = {isa = PBXBuildFile; fileRef = F2E6C34422D8425100B64FDA /* CellExpandCollapseDemo.xcdatamodeld */; };
		F2E6C34822D8425300B64FDA /* Assets.xcassets in Resources */ = {isa = PBXBuildFile; fileRef = F2E6C34722D8425300B64FDA /* Assets.xcassets */; };
		F2E6C34B22D8425300B64FDA /* LaunchScreen.storyboard in Resources */ = {isa = PBXBuildFile; fileRef = F2E6C34922D8425300B64FDA /* LaunchScreen.storyboard */; };
		F2E6C35322D8448500B64FDA /* ExpandCollapseCell.swift in Sources */ = {isa = PBXBuildFile; fileRef = F2E6C35222D8448500B64FDA /* ExpandCollapseCell.swift */; };
		F2E6C35522D87F6900B64FDA /* TsetVc.swift in Sources */ = {isa = PBXBuildFile; fileRef = F2E6C35422D87F6900B64FDA /* TsetVc.swift */; };
		F2E6C35722D87FC700B64FDA /* TestCell.swift in Sources */ = {isa = PBXBuildFile; fileRef = F2E6C35622D87FC700B64FDA /* TestCell.swift */; };
/* End PBXBuildFile section */

/* Begin PBXFileReference section */
		F232FC6122F0718E00B75149 /* CellExpandCollapseDemo.entitlements */ = {isa = PBXFileReference; lastKnownFileType = text.plist.entitlements; path = CellExpandCollapseDemo.entitlements; sourceTree = "<group>"; };
		F232FC6322F0718E00B75149 /* HealthKit.framework */ = {isa = PBXFileReference; lastKnownFileType = wrapper.framework; name = HealthKit.framework; path = System/Library/Frameworks/HealthKit.framework; sourceTree = SDKROOT; };
		F2E6C33A22D8425100B64FDA /* CellExpandCollapseDemo.app */ = {isa = PBXFileReference; explicitFileType = wrapper.application; includeInIndex = 0; path = CellExpandCollapseDemo.app; sourceTree = BUILT_PRODUCTS_DIR; };
		F2E6C33D22D8425100B64FDA /* AppDelegate.swift */ = {isa = PBXFileReference; lastKnownFileType = sourcecode.swift; path = AppDelegate.swift; sourceTree = "<group>"; };
		F2E6C33F22D8425100B64FDA /* ViewController.swift */ = {isa = PBXFileReference; lastKnownFileType = sourcecode.swift; path = ViewController.swift; sourceTree = "<group>"; };
		F2E6C34222D8425100B64FDA /* Base */ = {isa = PBXFileReference; lastKnownFileType = file.storyboard; name = Base; path = Base.lproj/Main.storyboard; sourceTree = "<group>"; };
		F2E6C34522D8425100B64FDA /* CellExpandCollapseDemo.xcdatamodel */ = {isa = PBXFileReference; lastKnownFileType = wrapper.xcdatamodel; path = CellExpandCollapseDemo.xcdatamodel; sourceTree = "<group>"; };
		F2E6C34722D8425300B64FDA /* Assets.xcassets */ = {isa = PBXFileReference; lastKnownFileType = folder.assetcatalog; path = Assets.xcassets; sourceTree = "<group>"; };
		F2E6C34A22D8425300B64FDA /* Base */ = {isa = PBXFileReference; lastKnownFileType = file.storyboard; name = Base; path = Base.lproj/LaunchScreen.storyboard; sourceTree = "<group>"; };
		F2E6C34C22D8425300B64FDA /* Info.plist */ = {isa = PBXFileReference; lastKnownFileType = text.plist.xml; path = Info.plist; sourceTree = "<group>"; };
		F2E6C35222D8448500B64FDA /* ExpandCollapseCell.swift */ = {isa = PBXFileReference; lastKnownFileType = sourcecode.swift; path = ExpandCollapseCell.swift; sourceTree = "<group>"; };
		F2E6C35422D87F6900B64FDA /* TsetVc.swift */ = {isa = PBXFileReference; lastKnownFileType = sourcecode.swift; path = TsetVc.swift; sourceTree = "<group>"; };
		F2E6C35622D87FC700B64FDA /* TestCell.swift */ = {isa = PBXFileReference; lastKnownFileType = sourcecode.swift; path = TestCell.swift; sourceTree = "<group>"; };
/* End PBXFileReference section */

/* Begin PBXFrameworksBuildPhase section */
		F2E6C33722D8425100B64FDA /* Frameworks */ = {
			isa = PBXFrameworksBuildPhase;
			buildActionMask = 2147483647;
			files = (
				F232FC6422F0718E00B75149 /* HealthKit.framework in Frameworks */,
			);
			runOnlyForDeploymentPostprocessing = 0;
		};
/* End PBXFrameworksBuildPhase section */

/* Begin PBXGroup section */
		F232FC6222F0718E00B75149 /* Frameworks */ = {
			isa = PBXGroup;
			children = (
				F232FC6322F0718E00B75149 /* HealthKit.framework */,
			);
			name = Frameworks;
			sourceTree = "<group>";
		};
		F2E6C33122D8425100B64FDA = {
			isa = PBXGroup;
			children = (
				F2E6C33C22D8425100B64FDA /* CellExpandCollapseDemo */,
				F2E6C33B22D8425100B64FDA /* Products */,
				F232FC6222F0718E00B75149 /* Frameworks */,
			);
			sourceTree = "<group>";
		};
		F2E6C33B22D8425100B64FDA /* Products */ = {
			isa = PBXGroup;
			children = (
				F2E6C33A22D8425100B64FDA /* CellExpandCollapseDemo.app */,
			);
			name = Products;
			sourceTree = "<group>";
		};
		F2E6C33C22D8425100B64FDA /* CellExpandCollapseDemo */ = {
			isa = PBXGroup;
			children = (
				F232FC6122F0718E00B75149 /* CellExpandCollapseDemo.entitlements */,
				F2E6C33D22D8425100B64FDA /* AppDelegate.swift */,
				F2E6C33F22D8425100B64FDA /* ViewController.swift */,
				F2E6C34122D8425100B64FDA /* Main.storyboard */,
				F2E6C34722D8425300B64FDA /* Assets.xcassets */,
				F2E6C34922D8425300B64FDA /* LaunchScreen.storyboard */,
				F2E6C34C22D8425300B64FDA /* Info.plist */,
				F2E6C34422D8425100B64FDA /* CellExpandCollapseDemo.xcdatamodeld */,
				F2E6C35222D8448500B64FDA /* ExpandCollapseCell.swift */,
				F2E6C35422D87F6900B64FDA /* TsetVc.swift */,
				F2E6C35622D87FC700B64FDA /* TestCell.swift */,
			);
			path = CellExpandCollapseDemo;
			sourceTree = "<group>";
		};
/* End PBXGroup section */

/* Begin PBXNativeTarget section */
		F2E6C33922D8425100B64FDA /* CellExpandCollapseDemo */ = {
			isa = PBXNativeTarget;
			buildConfigurationList = F2E6C34F22D8425300B64FDA /* Build configuration list for PBXNativeTarget "CellExpandCollapseDemo" */;
			buildPhases = (
				F2E6C33622D8425100B64FDA /* Sources */,
				F2E6C33722D8425100B64FDA /* Frameworks */,
				F2E6C33822D8425100B64FDA /* Resources */,
			);
			buildRules = (
			);
			dependencies = (
			);
			name = CellExpandCollapseDemo;
			productName = CellExpandCollapseDemo;
			productReference = F2E6C33A22D8425100B64FDA /* CellExpandCollapseDemo.app */;
			productType = "com.apple.product-type.application";
		};
/* End PBXNativeTarget section */

/* Begin PBXProject section */
		F2E6C33222D8425100B64FDA /* Project object */ = {
			isa = PBXProject;
			attributes = {
				LastSwiftUpdateCheck = 1020;
				LastUpgradeCheck = 1020;
				ORGANIZATIONNAME = "Kanishka Consultancy";
				TargetAttributes = {
					F2E6C33922D8425100B64FDA = {
						CreatedOnToolsVersion = 10.2.1;
						SystemCapabilities = {
							com.apple.HealthKit = {
								enabled = 1;
							};
						};
					};
				};
			};
			buildConfigurationList = F2E6C33522D8425100B64FDA /* Build configuration list for PBXProject "CellExpandCollapseDemo" */;
			compatibilityVersion = "Xcode 9.3";
			developmentRegion = en;
			hasScannedForEncodings = 0;
			knownRegions = (
				en,
				Base,
			);
			mainGroup = F2E6C33122D8425100B64FDA;
			productRefGroup = F2E6C33B22D8425100B64FDA /* Products */;
			projectDirPath = "";
			projectRoot = "";
			targets = (
				F2E6C33922D8425100B64FDA /* CellExpandCollapseDemo */,
			);
		};
/* End PBXProject section */

/* Begin PBXResourcesBuildPhase section */
		F2E6C33822D8425100B64FDA /* Resources */ = {
			isa = PBXResourcesBuildPhase;
			buildActionMask = 2147483647;
			files = (
				F2E6C34B22D8425300B64FDA /* LaunchScreen.storyboard in Resources */,
				F2E6C34822D8425300B64FDA /* Assets.xcassets in Resources */,
				F2E6C34322D8425100B64FDA /* Main.storyboard in Resources */,
			);
			runOnlyForDeploymentPostprocessing = 0;
		};
/* End PBXResourcesBuildPhase section */

/* Begin PBXSourcesBuildPhase section */
		F2E6C33622D8425100B64FDA /* Sources */ = {
			isa = PBXSourcesBuildPhase;
			buildActionMask = 2147483647;
			files = (
				F2E6C35522D87F6900B64FDA /* TsetVc.swift in Sources */,
				F2E6C35722D87FC700B64FDA /* TestCell.swift in Sources */,
				F2E6C34622D8425100B64FDA /* CellExpandCollapseDemo.xcdatamodeld in Sources */,
				F2E6C34022D8425100B64FDA /* ViewController.swift in Sources */,
				F2E6C35322D8448500B64FDA /* ExpandCollapseCell.swift in Sources */,
				F2E6C33E22D8425100B64FDA /* AppDelegate.swift in Sources */,
			);
			runOnlyForDeploymentPostprocessing = 0;
		};
/* End PBXSourcesBuildPhase section */

/* Begin PBXVariantGroup section */
		F2E6C34122D8425100B64FDA /* Main.storyboard */ = {
			isa = PBXVariantGroup;
			children = (
				F2E6C34222D8425100B64FDA /* Base */,
			);
			name = Main.storyboard;
			sourceTree = "<group>";
		};
		F2E6C34922D8425300B64FDA /* LaunchScreen.storyboard */ = {
			isa = PBXVariantGroup;
			children = (
				F2E6C34A22D8425300B64FDA /* Base */,
			);
			name = LaunchScreen.storyboard;
			sourceTree = "<group>";
		};
/* End PBXVariantGroup section */

/* Begin XCBuildConfiguration section */
		F2E6C34D22D8425300B64FDA /* Debug */ = {
			isa = XCBuildConfiguration;
			buildSettings = {
				ALWAYS_SEARCH_USER_PATHS = NO;
				CLANG_ANALYZER_NONNULL = YES;
				CLANG_ANALYZER_NUMBER_OBJECT_CONVERSION = YES_AGGRESSIVE;
				CLANG_CXX_LANGUAGE_STANDARD = "gnu++14";
				CLANG_CXX_LIBRARY = "libc++";
				CLANG_ENABLE_MODULES = YES;
				CLANG_ENABLE_OBJC_ARC = YES;
				CLANG_ENABLE_OBJC_WEAK = YES;
				CLANG_WARN_BLOCK_CAPTURE_AUTORELEASING = YES;
				CLANG_WARN_BOOL_CONVERSION = YES;
				CLANG_WARN_COMMA = YES;
				CLANG_WARN_CONSTANT_CONVERSION = YES;
				CLANG_WARN_DEPRECATED_OBJC_IMPLEMENTATIONS = YES;
				CLANG_WARN_DIRECT_OBJC_ISA_USAGE = YES_ERROR;
				CLANG_WARN_DOCUMENTATION_COMMENTS = YES;
				CLANG_WARN_EMPTY_BODY = YES;
				CLANG_WARN_ENUM_CONVERSION = YES;
				CLANG_WARN_INFINITE_RECURSION = YES;
				CLANG_WARN_INT_CONVERSION = YES;
				CLANG_WARN_NON_LITERAL_NULL_CONVERSION = YES;
				CLANG_WARN_OBJC_IMPLICIT_RETAIN_SELF = YES;
				CLANG_WARN_OBJC_LITERAL_CONVERSION = YES;
				CLANG_WARN_OBJC_ROOT_CLASS = YES_ERROR;
				CLANG_WARN_RANGE_LOOP_ANALYSIS = YES;
				CLANG_WARN_STRICT_PROTOTYPES = YES;
				CLANG_WARN_SUSPICIOUS_MOVE = YES;
				CLANG_WARN_UNGUARDED_AVAILABILITY = YES_AGGRESSIVE;
				CLANG_WARN_UNREACHABLE_CODE = YES;
				CLANG_WARN__DUPLICATE_METHOD_MATCH = YES;
				CODE_SIGN_IDENTITY = "iPhone Developer";
				COPY_PHASE_STRIP = NO;
				DEBUG_INFORMATION_FORMAT = dwarf;
				ENABLE_STRICT_OBJC_MSGSEND = YES;
				ENABLE_TESTABILITY = YES;
				GCC_C_LANGUAGE_STANDARD = gnu11;
				GCC_DYNAMIC_NO_PIC = NO;
				GCC_NO_COMMON_BLOCKS = YES;
				GCC_OPTIMIZATION_LEVEL = 0;
				GCC_PREPROCESSOR_DEFINITIONS = (
					"DEBUG=1",
					"$(inherited)",
				);
				GCC_WARN_64_TO_32_BIT_CONVERSION = YES;
				GCC_WARN_ABOUT_RETURN_TYPE = YES_ERROR;
				GCC_WARN_UNDECLARED_SELECTOR = YES;
				GCC_WARN_UNINITIALIZED_AUTOS = YES_AGGRESSIVE;
				GCC_WARN_UNUSED_FUNCTION = YES;
				GCC_WARN_UNUSED_VARIABLE = YES;
				IPHONEOS_DEPLOYMENT_TARGET = 12.2;
				MTL_ENABLE_DEBUG_INFO = INCLUDE_SOURCE;
				MTL_FAST_MATH = YES;
				ONLY_ACTIVE_ARCH = YES;
				SDKROOT = iphoneos;
				SWIFT_ACTIVE_COMPILATION_CONDITIONS = DEBUG;
				SWIFT_OPTIMIZATION_LEVEL = "-Onone";
			};
			name = Debug;
		};
		F2E6C34E22D8425300B64FDA /* Release */ = {
			isa = XCBuildConfiguration;
			buildSettings = {
				ALWAYS_SEARCH_USER_PATHS = NO;
				CLANG_ANALYZER_NONNULL = YES;
				CLANG_ANALYZER_NUMBER_OBJECT_CONVERSION = YES_AGGRESSIVE;
				CLANG_CXX_LANGUAGE_STANDARD = "gnu++14";
				CLANG_CXX_LIBRARY = "libc++";
				CLANG_ENABLE_MODULES = YES;
				CLANG_ENABLE_OBJC_ARC = YES;
				CLANG_ENABLE_OBJC_WEAK = YES;
				CLANG_WARN_BLOCK_CAPTURE_AUTORELEASING = YES;
				CLANG_WARN_BOOL_CONVERSION = YES;
				CLANG_WARN_COMMA = YES;
				CLANG_WARN_CONSTANT_CONVERSION = YES;
				CLANG_WARN_DEPRECATED_OBJC_IMPLEMENTATIONS = YES;
				CLANG_WARN_DIRECT_OBJC_ISA_USAGE = YES_ERROR;
				CLANG_WARN_DOCUMENTATION_COMMENTS = YES;
				CLANG_WARN_EMPTY_BODY = YES;
				CLANG_WARN_ENUM_CONVERSION = YES;
				CLANG_WARN_INFINITE_RECURSION = YES;
				CLANG_WARN_INT_CONVERSION = YES;
				CLANG_WARN_NON_LITERAL_NULL_CONVERSION = YES;
				CLANG_WARN_OBJC_IMPLICIT_RETAIN_SELF = YES;
				CLANG_WARN_OBJC_LITERAL_CONVERSION = YES;
				CLANG_WARN_OBJC_ROOT_CLASS = YES_ERROR;
				CLANG_WARN_RANGE_LOOP_ANALYSIS = YES;
				CLANG_WARN_STRICT_PROTOTYPES = YES;
				CLANG_WARN_SUSPICIOUS_MOVE = YES;
				CLANG_WARN_UNGUARDED_AVAILABILITY = YES_AGGRESSIVE;
				CLANG_WARN_UNREACHABLE_CODE = YES;
				CLANG_WARN__DUPLICATE_METHOD_MATCH = YES;
				CODE_SIGN_IDENTITY = "iPhone Developer";
				COPY_PHASE_STRIP = NO;
				DEBUG_INFORMATION_FORMAT = "dwarf-with-dsym";
				ENABLE_NS_ASSERTIONS = NO;
				ENABLE_STRICT_OBJC_MSGSEND = YES;
				GCC_C_LANGUAGE_STANDARD = gnu11;
				GCC_NO_COMMON_BLOCKS = YES;
				GCC_WARN_64_TO_32_BIT_CONVERSION = YES;
				GCC_WARN_ABOUT_RETURN_TYPE = YES_ERROR;
				GCC_WARN_UNDECLARED_SELECTOR = YES;
				GCC_WARN_UNINITIALIZED_AUTOS = YES_AGGRESSIVE;
				GCC_WARN_UNUSED_FUNCTION = YES;
				GCC_WARN_UNUSED_VARIABLE = YES;
				IPHONEOS_DEPLOYMENT_TARGET = 12.2;
				MTL_ENABLE_DEBUG_INFO = NO;
				MTL_FAST_MATH = YES;
				SDKROOT = iphoneos;
				SWIFT_COMPILATION_MODE = wholemodule;
				SWIFT_OPTIMIZATION_LEVEL = "-O";
				VALIDATE_PRODUCT = YES;
			};
			name = Release;
		};
		F2E6C35022D8425300B64FDA /* Debug */ = {
			isa = XCBuildConfiguration;
			buildSettings = {
				ASSETCATALOG_COMPILER_APPICON_NAME = AppIcon;
				CODE_SIGN_ENTITLEMENTS = CellExpandCollapseDemo/CellExpandCollapseDemo.entitlements;
				CODE_SIGN_STYLE = Automatic;
				DEVELOPMENT_TEAM = V8AL87N5N3;
				INFOPLIST_FILE = CellExpandCollapseDemo/Info.plist;
				LD_RUNPATH_SEARCH_PATHS = (
					"$(inherited)",
					"@executable_path/Frameworks",
				);
				PRODUCT_BUNDLE_IDENTIFIER = com.kanishka.irisapp.CellExpandCollapseDemo;
				PRODUCT_NAME = "$(TARGET_NAME)";
				SWIFT_VERSION = 5.0;
				TARGETED_DEVICE_FAMILY = "1,2";
			};
			name = Debug;
		};
		F2E6C35122D8425300B64FDA /* Release */ = {
			isa = XCBuildConfiguration;
			buildSettings = {
				ASSETCATALOG_COMPILER_APPICON_NAME = AppIcon;
				CODE_SIGN_ENTITLEMENTS = CellExpandCollapseDemo/CellExpandCollapseDemo.entitlements;
				CODE_SIGN_STYLE = Automatic;
				DEVELOPMENT_TEAM = V8AL87N5N3;
				INFOPLIST_FILE = CellExpandCollapseDemo/Info.plist;
				LD_RUNPATH_SEARCH_PATHS = (
					"$(inherited)",
					"@executable_path/Frameworks",
				);
				PRODUCT_BUNDLE_IDENTIFIER = com.kanishka.irisapp.CellExpandCollapseDemo;
				PRODUCT_NAME = "$(TARGET_NAME)";
				SWIFT_VERSION = 5.0;
				TARGETED_DEVICE_FAMILY = "1,2";
			};
			name = Release;
		};
/* End XCBuildConfiguration section */

/* Begin XCConfigurationList section */
		F2E6C33522D8425100B64FDA /* Build configuration list for PBXProject "CellExpandCollapseDemo" */ = {
			isa = XCConfigurationList;
			buildConfigurations = (
				F2E6C34D22D8425300B64FDA /* Debug */,
				F2E6C34E22D8425300B64FDA /* Release */,
			);
			defaultConfigurationIsVisible = 0;
			defaultConfigurationName = Release;
		};
		F2E6C34F22D8425300B64FDA /* Build configuration list for PBXNativeTarget "CellExpandCollapseDemo" */ = {
			isa = XCConfigurationList;
			buildConfigurations = (
				F2E6C35022D8425300B64FDA /* Debug */,
				F2E6C35122D8425300B64FDA /* Release */,
			);
			defaultConfigurationIsVisible = 0;
			defaultConfigurationName = Release;
		};
/* End XCConfigurationList section */

/* Begin XCVersionGroup section */
		F2E6C34422D8425100B64FDA /* CellExpandCollapseDemo.xcdatamodeld */ = {
			isa = XCVersionGroup;
			children = (
				F2E6C34522D8425100B64FDA /* CellExpandCollapseDemo.xcdatamodel */,
			);
			currentVersion = F2E6C34522D8425100B64FDA /* CellExpandCollapseDemo.xcdatamodel */;
			path = CellExpandCollapseDemo.xcdatamodeld;
			sourceTree = "<group>";
			versionGroupType = wrapper.xcdatamodel;
		};
/* End XCVersionGroup section */
	};
	rootObject = F2E6C33222D8425100B64FDA /* Project object */;
}
